// !$*UTF8*$!
{
	archiveVersion = 1;
	classes = {
	};
	objectVersion = 56;
	objects = {

/* Begin PBXBuildFile section */
		83F9BAB62A3CC074002198D0 /* SubjectLiftingAppApp.swift in Sources */ = {isa = PBXBuildFile; fileRef = 83F9BAB52A3CC074002198D0 /* SubjectLiftingAppApp.swift */; };
		83F9BAB82A3CC074002198D0 /* ContentView.swift in Sources */ = {isa = PBXBuildFile; fileRef = 83F9BAB72A3CC074002198D0 /* ContentView.swift */; };
		83F9BABA2A3CC075002198D0 /* Assets.xcassets in Resources */ = {isa = PBXBuildFile; fileRef = 83F9BAB92A3CC075002198D0 /* Assets.xcassets */; };
		83F9BABD2A3CC075002198D0 /* Preview Assets.xcassets in Resources */ = {isa = PBXBuildFile; fileRef = 83F9BABC2A3CC075002198D0 /* Preview Assets.xcassets */; };
		83F9BABF2A3CC075002198D0 /* Persistence.swift in Sources */ = {isa = PBXBuildFile; fileRef = 83F9BABE2A3CC075002198D0 /* Persistence.swift */; };
		83F9BAC22A3CC075002198D0 /* SubjectLiftingApp.xcdatamodeld in Sources */ = {isa = PBXBuildFile; fileRef = 83F9BAC02A3CC075002198D0 /* SubjectLiftingApp.xcdatamodeld */; };
		83F9BAC92A3CC23B002198D0 /* AddItemView.swift in Sources */ = {isa = PBXBuildFile; fileRef = 83F9BAC82A3CC23B002198D0 /* AddItemView.swift */; };
		83F9BACF2A3CD4BE002198D0 /* Item-CoreDataHelpers.swift in Sources */ = {isa = PBXBuildFile; fileRef = 83F9BACE2A3CD4BE002198D0 /* Item-CoreDataHelpers.swift */; };
		83F9BAD12A3CD6CF002198D0 /* ItemRowView.swift in Sources */ = {isa = PBXBuildFile; fileRef = 83F9BAD02A3CD6CF002198D0 /* ItemRowView.swift */; };
		83F9BAD32A3CD6D4002198D0 /* ItemDetailsView.swift in Sources */ = {isa = PBXBuildFile; fileRef = 83F9BAD22A3CD6D4002198D0 /* ItemDetailsView.swift */; };
		83F9BAD62A3CE20F002198D0 /* ExampleData.swift in Sources */ = {isa = PBXBuildFile; fileRef = 83F9BAD52A3CE20F002198D0 /* ExampleData.swift */; };
/* End PBXBuildFile section */

/* Begin PBXFileReference section */
		8316F7EA2A3EA009008D2BAA /* Info.plist */ = {isa = PBXFileReference; lastKnownFileType = text.plist; path = Info.plist; sourceTree = "<group>"; };
		83A79F342A3E9854003E57DA /* SubjectLiftingApp.entitlements */ = {isa = PBXFileReference; lastKnownFileType = text.plist.entitlements; path = SubjectLiftingApp.entitlements; sourceTree = "<group>"; };
		83F9BAB22A3CC074002198D0 /* SubjectLiftingApp.app */ = {isa = PBXFileReference; explicitFileType = wrapper.application; includeInIndex = 0; path = SubjectLiftingApp.app; sourceTree = BUILT_PRODUCTS_DIR; };
		83F9BAB52A3CC074002198D0 /* SubjectLiftingAppApp.swift */ = {isa = PBXFileReference; lastKnownFileType = sourcecode.swift; path = SubjectLiftingAppApp.swift; sourceTree = "<group>"; };
		83F9BAB72A3CC074002198D0 /* ContentView.swift */ = {isa = PBXFileReference; lastKnownFileType = sourcecode.swift; path = ContentView.swift; sourceTree = "<group>"; };
		83F9BAB92A3CC075002198D0 /* Assets.xcassets */ = {isa = PBXFileReference; lastKnownFileType = folder.assetcatalog; path = Assets.xcassets; sourceTree = "<group>"; };
		83F9BABC2A3CC075002198D0 /* Preview Assets.xcassets */ = {isa = PBXFileReference; lastKnownFileType = folder.assetcatalog; path = "Preview Assets.xcassets"; sourceTree = "<group>"; };
		83F9BABE2A3CC075002198D0 /* Persistence.swift */ = {isa = PBXFileReference; lastKnownFileType = sourcecode.swift; path = Persistence.swift; sourceTree = "<group>"; };
		83F9BAC12A3CC075002198D0 /* SubjectLiftingApp.xcdatamodel */ = {isa = PBXFileReference; lastKnownFileType = wrapper.xcdatamodel; path = SubjectLiftingApp.xcdatamodel; sourceTree = "<group>"; };
		83F9BAC82A3CC23B002198D0 /* AddItemView.swift */ = {isa = PBXFileReference; lastKnownFileType = sourcecode.swift; path = AddItemView.swift; sourceTree = "<group>"; };
		83F9BACE2A3CD4BE002198D0 /* Item-CoreDataHelpers.swift */ = {isa = PBXFileReference; lastKnownFileType = sourcecode.swift; path = "Item-CoreDataHelpers.swift"; sourceTree = "<group>"; };
		83F9BAD02A3CD6CF002198D0 /* ItemRowView.swift */ = {isa = PBXFileReference; lastKnownFileType = sourcecode.swift; path = ItemRowView.swift; sourceTree = "<group>"; };
		83F9BAD22A3CD6D4002198D0 /* ItemDetailsView.swift */ = {isa = PBXFileReference; lastKnownFileType = sourcecode.swift; path = ItemDetailsView.swift; sourceTree = "<group>"; };
		83F9BAD52A3CE20F002198D0 /* ExampleData.swift */ = {isa = PBXFileReference; lastKnownFileType = sourcecode.swift; path = ExampleData.swift; sourceTree = "<group>"; };
/* End PBXFileReference section */

/* Begin PBXFrameworksBuildPhase section */
		83F9BAAF2A3CC074002198D0 /* Frameworks */ = {
			isa = PBXFrameworksBuildPhase;
			buildActionMask = 2147483647;
			files = (
			);
			runOnlyForDeploymentPostprocessing = 0;
		};
/* End PBXFrameworksBuildPhase section */

/* Begin PBXGroup section */
		83F9BAA92A3CC074002198D0 = {
			isa = PBXGroup;
			children = (
				83F9BAB42A3CC074002198D0 /* SubjectLiftingApp */,
				83F9BAB32A3CC074002198D0 /* Products */,
			);
			sourceTree = "<group>";
		};
		83F9BAB32A3CC074002198D0 /* Products */ = {
			isa = PBXGroup;
			children = (
				83F9BAB22A3CC074002198D0 /* SubjectLiftingApp.app */,
			);
			name = Products;
			sourceTree = "<group>";
		};
		83F9BAB42A3CC074002198D0 /* SubjectLiftingApp */ = {
			isa = PBXGroup;
			children = (
				8316F7EA2A3EA009008D2BAA /* Info.plist */,
				83A79F342A3E9854003E57DA /* SubjectLiftingApp.entitlements */,
				83F9BAB52A3CC074002198D0 /* SubjectLiftingAppApp.swift */,
				83F9BABE2A3CC075002198D0 /* Persistence.swift */,
				83F9BAB72A3CC074002198D0 /* ContentView.swift */,
				83F9BAC82A3CC23B002198D0 /* AddItemView.swift */,
				83F9BAD02A3CD6CF002198D0 /* ItemRowView.swift */,
				83F9BAD22A3CD6D4002198D0 /* ItemDetailsView.swift */,
				83F9BACE2A3CD4BE002198D0 /* Item-CoreDataHelpers.swift */,
				83F9BAD52A3CE20F002198D0 /* ExampleData.swift */,
				83F9BAC02A3CC075002198D0 /* SubjectLiftingApp.xcdatamodeld */,
				83F9BAB92A3CC075002198D0 /* Assets.xcassets */,
				83F9BABB2A3CC075002198D0 /* Preview Content */,
			);
			path = SubjectLiftingApp;
			sourceTree = "<group>";
		};
		83F9BABB2A3CC075002198D0 /* Preview Content */ = {
			isa = PBXGroup;
			children = (
				83F9BABC2A3CC075002198D0 /* Preview Assets.xcassets */,
			);
			path = "Preview Content";
			sourceTree = "<group>";
		};
/* End PBXGroup section */

/* Begin PBXNativeTarget section */
		83F9BAB12A3CC074002198D0 /* SubjectLiftingApp */ = {
			isa = PBXNativeTarget;
			buildConfigurationList = 83F9BAC52A3CC075002198D0 /* Build configuration list for PBXNativeTarget "SubjectLiftingApp" */;
			buildPhases = (
				83F9BAAE2A3CC074002198D0 /* Sources */,
				83F9BAAF2A3CC074002198D0 /* Frameworks */,
				83F9BAB02A3CC074002198D0 /* Resources */,
			);
			buildRules = (
			);
			dependencies = (
			);
			name = SubjectLiftingApp;
			productName = SubjectLiftingApp;
			productReference = 83F9BAB22A3CC074002198D0 /* SubjectLiftingApp.app */;
			productType = "com.apple.product-type.application";
		};
/* End PBXNativeTarget section */

/* Begin PBXProject section */
		83F9BAAA2A3CC074002198D0 /* Project object */ = {
			isa = PBXProject;
			attributes = {
				BuildIndependentTargetsInParallel = 1;
				LastSwiftUpdateCheck = 1430;
				LastUpgradeCheck = 1430;
				TargetAttributes = {
					83F9BAB12A3CC074002198D0 = {
						CreatedOnToolsVersion = 14.3.1;
					};
				};
			};
			buildConfigurationList = 83F9BAAD2A3CC074002198D0 /* Build configuration list for PBXProject "SubjectLiftingApp" */;
			compatibilityVersion = "Xcode 14.0";
			developmentRegion = en;
			hasScannedForEncodings = 0;
			knownRegions = (
				en,
				Base,
			);
			mainGroup = 83F9BAA92A3CC074002198D0;
			productRefGroup = 83F9BAB32A3CC074002198D0 /* Products */;
			projectDirPath = "";
			projectRoot = "";
			targets = (
				83F9BAB12A3CC074002198D0 /* SubjectLiftingApp */,
			);
		};
/* End PBXProject section */

/* Begin PBXResourcesBuildPhase section */
		83F9BAB02A3CC074002198D0 /* Resources */ = {
			isa = PBXResourcesBuildPhase;
			buildActionMask = 2147483647;
			files = (
				83F9BABD2A3CC075002198D0 /* Preview Assets.xcassets in Resources */,
				83F9BABA2A3CC075002198D0 /* Assets.xcassets in Resources */,
			);
			runOnlyForDeploymentPostprocessing = 0;
		};
/* End PBXResourcesBuildPhase section */

/* Begin PBXSourcesBuildPhase section */
		83F9BAAE2A3CC074002198D0 /* Sources */ = {
			isa = PBXSourcesBuildPhase;
			buildActionMask = 2147483647;
			files = (
				83F9BAD32A3CD6D4002198D0 /* ItemDetailsView.swift in Sources */,
				83F9BAD12A3CD6CF002198D0 /* ItemRowView.swift in Sources */,
				83F9BAC22A3CC075002198D0 /* SubjectLiftingApp.xcdatamodeld in Sources */,
				83F9BABF2A3CC075002198D0 /* Persistence.swift in Sources */,
				83F9BAB82A3CC074002198D0 /* ContentView.swift in Sources */,
				83F9BAB62A3CC074002198D0 /* SubjectLiftingAppApp.swift in Sources */,
				83F9BAC92A3CC23B002198D0 /* AddItemView.swift in Sources */,
				83F9BACF2A3CD4BE002198D0 /* Item-CoreDataHelpers.swift in Sources */,
				83F9BAD62A3CE20F002198D0 /* ExampleData.swift in Sources */,
			);
			runOnlyForDeploymentPostprocessing = 0;
		};
/* End PBXSourcesBuildPhase section */

/* Begin XCBuildConfiguration section */
		83F9BAC32A3CC075002198D0 /* Debug */ = {
			isa = XCBuildConfiguration;
			buildSettings = {
				ALWAYS_SEARCH_USER_PATHS = NO;
				CLANG_ANALYZER_NONNULL = YES;
				CLANG_ANALYZER_NUMBER_OBJECT_CONVERSION = YES_AGGRESSIVE;
				CLANG_CXX_LANGUAGE_STANDARD = "gnu++20";
				CLANG_ENABLE_MODULES = YES;
				CLANG_ENABLE_OBJC_ARC = YES;
				CLANG_ENABLE_OBJC_WEAK = YES;
				CLANG_WARN_BLOCK_CAPTURE_AUTORELEASING = YES;
				CLANG_WARN_BOOL_CONVERSION = YES;
				CLANG_WARN_COMMA = YES;
				CLANG_WARN_CONSTANT_CONVERSION = YES;
				CLANG_WARN_DEPRECATED_OBJC_IMPLEMENTATIONS = YES;
				CLANG_WARN_DIRECT_OBJC_ISA_USAGE = YES_ERROR;
				CLANG_WARN_DOCUMENTATION_COMMENTS = YES;
				CLANG_WARN_EMPTY_BODY = YES;
				CLANG_WARN_ENUM_CONVERSION = YES;
				CLANG_WARN_INFINITE_RECURSION = YES;
				CLANG_WARN_INT_CONVERSION = YES;
				CLANG_WARN_NON_LITERAL_NULL_CONVERSION = YES;
				CLANG_WARN_OBJC_IMPLICIT_RETAIN_SELF = YES;
				CLANG_WARN_OBJC_LITERAL_CONVERSION = YES;
				CLANG_WARN_OBJC_ROOT_CLASS = YES_ERROR;
				CLANG_WARN_QUOTED_INCLUDE_IN_FRAMEWORK_HEADER = YES;
				CLANG_WARN_RANGE_LOOP_ANALYSIS = YES;
				CLANG_WARN_STRICT_PROTOTYPES = YES;
				CLANG_WARN_SUSPICIOUS_MOVE = YES;
				CLANG_WARN_UNGUARDED_AVAILABILITY = YES_AGGRESSIVE;
				CLANG_WARN_UNREACHABLE_CODE = YES;
				CLANG_WARN__DUPLICATE_METHOD_MATCH = YES;
				COPY_PHASE_STRIP = NO;
				DEBUG_INFORMATION_FORMAT = dwarf;
				ENABLE_STRICT_OBJC_MSGSEND = YES;
				ENABLE_TESTABILITY = YES;
				GCC_C_LANGUAGE_STANDARD = gnu11;
				GCC_DYNAMIC_NO_PIC = NO;
				GCC_NO_COMMON_BLOCKS = YES;
				GCC_OPTIMIZATION_LEVEL = 0;
				GCC_PREPROCESSOR_DEFINITIONS = (
					"DEBUG=1",
					"$(inherited)",
				);
				GCC_WARN_64_TO_32_BIT_CONVERSION = YES;
				GCC_WARN_ABOUT_RETURN_TYPE = YES_ERROR;
				GCC_WARN_UNDECLARED_SELECTOR = YES;
				GCC_WARN_UNINITIALIZED_AUTOS = YES_AGGRESSIVE;
				GCC_WARN_UNUSED_FUNCTION = YES;
				GCC_WARN_UNUSED_VARIABLE = YES;
				IPHONEOS_DEPLOYMENT_TARGET = 16.4;
				MTL_ENABLE_DEBUG_INFO = INCLUDE_SOURCE;
				MTL_FAST_MATH = YES;
				ONLY_ACTIVE_ARCH = YES;
				SDKROOT = iphoneos;
				SWIFT_ACTIVE_COMPILATION_CONDITIONS = DEBUG;
				SWIFT_OPTIMIZATION_LEVEL = "-Onone";
			};
			name = Debug;
		};
		83F9BAC42A3CC075002198D0 /* Release */ = {
			isa = XCBuildConfiguration;
			buildSettings = {
				ALWAYS_SEARCH_USER_PATHS = NO;
				CLANG_ANALYZER_NONNULL = YES;
				CLANG_ANALYZER_NUMBER_OBJECT_CONVERSION = YES_AGGRESSIVE;
				CLANG_CXX_LANGUAGE_STANDARD = "gnu++20";
				CLANG_ENABLE_MODULES = YES;
				CLANG_ENABLE_OBJC_ARC = YES;
				CLANG_ENABLE_OBJC_WEAK = YES;
				CLANG_WARN_BLOCK_CAPTURE_AUTORELEASING = YES;
				CLANG_WARN_BOOL_CONVERSION = YES;
				CLANG_WARN_COMMA = YES;
				CLANG_WARN_CONSTANT_CONVERSION = YES;
				CLANG_WARN_DEPRECATED_OBJC_IMPLEMENTATIONS = YES;
				CLANG_WARN_DIRECT_OBJC_ISA_USAGE = YES_ERROR;
				CLANG_WARN_DOCUMENTATION_COMMENTS = YES;
				CLANG_WARN_EMPTY_BODY = YES;
				CLANG_WARN_ENUM_CONVERSION = YES;
				CLANG_WARN_INFINITE_RECURSION = YES;
				CLANG_WARN_INT_CONVERSION = YES;
				CLANG_WARN_NON_LITERAL_NULL_CONVERSION = YES;
				CLANG_WARN_OBJC_IMPLICIT_RETAIN_SELF = YES;
				CLANG_WARN_OBJC_LITERAL_CONVERSION = YES;
				CLANG_WARN_OBJC_ROOT_CLASS = YES_ERROR;
				CLANG_WARN_QUOTED_INCLUDE_IN_FRAMEWORK_HEADER = YES;
				CLANG_WARN_RANGE_LOOP_ANALYSIS = YES;
				CLANG_WARN_STRICT_PROTOTYPES = YES;
				CLANG_WARN_SUSPICIOUS_MOVE = YES;
				CLANG_WARN_UNGUARDED_AVAILABILITY = YES_AGGRESSIVE;
				CLANG_WARN_UNREACHABLE_CODE = YES;
				CLANG_WARN__DUPLICATE_METHOD_MATCH = YES;
				COPY_PHASE_STRIP = NO;
				DEBUG_INFORMATION_FORMAT = "dwarf-with-dsym";
				ENABLE_NS_ASSERTIONS = NO;
				ENABLE_STRICT_OBJC_MSGSEND = YES;
				GCC_C_LANGUAGE_STANDARD = gnu11;
				GCC_NO_COMMON_BLOCKS = YES;
				GCC_WARN_64_TO_32_BIT_CONVERSION = YES;
				GCC_WARN_ABOUT_RETURN_TYPE = YES_ERROR;
				GCC_WARN_UNDECLARED_SELECTOR = YES;
				GCC_WARN_UNINITIALIZED_AUTOS = YES_AGGRESSIVE;
				GCC_WARN_UNUSED_FUNCTION = YES;
				GCC_WARN_UNUSED_VARIABLE = YES;
				IPHONEOS_DEPLOYMENT_TARGET = 16.4;
				MTL_ENABLE_DEBUG_INFO = NO;
				MTL_FAST_MATH = YES;
				SDKROOT = iphoneos;
				SWIFT_COMPILATION_MODE = wholemodule;
				SWIFT_OPTIMIZATION_LEVEL = "-O";
				VALIDATE_PRODUCT = YES;
			};
			name = Release;
		};
		83F9BAC62A3CC075002198D0 /* Debug */ = {
			isa = XCBuildConfiguration;
			buildSettings = {
				ASSETCATALOG_COMPILER_APPICON_NAME = AppIcon;
				ASSETCATALOG_COMPILER_GLOBAL_ACCENT_COLOR_NAME = AccentColor;
				CODE_SIGN_ENTITLEMENTS = SubjectLiftingApp/SubjectLiftingApp.entitlements;
				CODE_SIGN_STYLE = Automatic;
				CURRENT_PROJECT_VERSION = 1;
				DEVELOPMENT_ASSET_PATHS = "\"SubjectLiftingApp/Preview Content\"";
				DEVELOPMENT_TEAM = SZFYXT8L7P;
				ENABLE_PREVIEWS = YES;
				GENERATE_INFOPLIST_FILE = YES;
				INFOPLIST_FILE = SubjectLiftingApp/Info.plist;
				INFOPLIST_KEY_LSApplicationCategoryType = "";
				INFOPLIST_KEY_UIApplicationSceneManifest_Generation = YES;
				INFOPLIST_KEY_UIApplicationSupportsIndirectInputEvents = YES;
				INFOPLIST_KEY_UILaunchScreen_Generation = YES;
				INFOPLIST_KEY_UISupportedInterfaceOrientations_iPad = "UIInterfaceOrientationPortrait UIInterfaceOrientationPortraitUpsideDown UIInterfaceOrientationLandscapeLeft UIInterfaceOrientationLandscapeRight";
				INFOPLIST_KEY_UISupportedInterfaceOrientations_iPhone = "UIInterfaceOrientationPortrait UIInterfaceOrientationLandscapeLeft UIInterfaceOrientationLandscapeRight";
				LD_RUNPATH_SEARCH_PATHS = (
					"$(inherited)",
					"@executable_path/Frameworks",
				);
				MARKETING_VERSION = 0.1;
				PRODUCT_BUNDLE_IDENTIFIER = com.christofferlund.SubjectLiftingApp;
				PRODUCT_NAME = "$(TARGET_NAME)";
				SWIFT_EMIT_LOC_STRINGS = YES;
				SWIFT_VERSION = 5.0;
				TARGETED_DEVICE_FAMILY = "1,2";
			};
			name = Debug;
		};
		83F9BAC72A3CC075002198D0 /* Release */ = {
			isa = XCBuildConfiguration;
			buildSettings = {
				ASSETCATALOG_COMPILER_APPICON_NAME = AppIcon;
				ASSETCATALOG_COMPILER_GLOBAL_ACCENT_COLOR_NAME = AccentColor;
				CODE_SIGN_ENTITLEMENTS = SubjectLiftingApp/SubjectLiftingApp.entitlements;
				CODE_SIGN_STYLE = Automatic;
				CURRENT_PROJECT_VERSION = 1;
				DEVELOPMENT_ASSET_PATHS = "\"SubjectLiftingApp/Preview Content\"";
				DEVELOPMENT_TEAM = SZFYXT8L7P;
				ENABLE_PREVIEWS = YES;
				GENERATE_INFOPLIST_FILE = YES;
				INFOPLIST_FILE = SubjectLiftingApp/Info.plist;
				INFOPLIST_KEY_LSApplicationCategoryType = "";
				INFOPLIST_KEY_UIApplicationSceneManifest_Generation = YES;
				INFOPLIST_KEY_UIApplicationSupportsIndirectInputEvents = YES;
				INFOPLIST_KEY_UILaunchScreen_Generation = YES;
				INFOPLIST_KEY_UISupportedInterfaceOrientations_iPad = "UIInterfaceOrientationPortrait UIInterfaceOrientationPortraitUpsideDown UIInterfaceOrientationLandscapeLeft UIInterfaceOrientationLandscapeRight";
				INFOPLIST_KEY_UISupportedInterfaceOrientations_iPhone = "UIInterfaceOrientationPortrait UIInterfaceOrientationLandscapeLeft UIInterfaceOrientationLandscapeRight";
				LD_RUNPATH_SEARCH_PATHS = (
					"$(inherited)",
					"@executable_path/Frameworks",
				);
				MARKETING_VERSION = 0.1;
				PRODUCT_BUNDLE_IDENTIFIER = com.christofferlund.SubjectLiftingApp;
				PRODUCT_NAME = "$(TARGET_NAME)";
				SWIFT_EMIT_LOC_STRINGS = YES;
				SWIFT_VERSION = 5.0;
				TARGETED_DEVICE_FAMILY = "1,2";
			};
			name = Release;
		};
/* End XCBuildConfiguration section */

/* Begin XCConfigurationList section */
		83F9BAAD2A3CC074002198D0 /* Build configuration list for PBXProject "SubjectLiftingApp" */ = {
			isa = XCConfigurationList;
			buildConfigurations = (
				83F9BAC32A3CC075002198D0 /* Debug */,
				83F9BAC42A3CC075002198D0 /* Release */,
			);
			defaultConfigurationIsVisible = 0;
			defaultConfigurationName = Release;
		};
		83F9BAC52A3CC075002198D0 /* Build configuration list for PBXNativeTarget "SubjectLiftingApp" */ = {
			isa = XCConfigurationList;
			buildConfigurations = (
				83F9BAC62A3CC075002198D0 /* Debug */,
				83F9BAC72A3CC075002198D0 /* Release */,
			);
			defaultConfigurationIsVisible = 0;
			defaultConfigurationName = Release;
		};
/* End XCConfigurationList section */

/* Begin XCVersionGroup section */
		83F9BAC02A3CC075002198D0 /* SubjectLiftingApp.xcdatamodeld */ = {
			isa = XCVersionGroup;
			children = (
				83F9BAC12A3CC075002198D0 /* SubjectLiftingApp.xcdatamodel */,
			);
			currentVersion = 83F9BAC12A3CC075002198D0 /* SubjectLiftingApp.xcdatamodel */;
			path = SubjectLiftingApp.xcdatamodeld;
			sourceTree = "<group>";
			versionGroupType = wrapper.xcdatamodel;
		};
/* End XCVersionGroup section */
	};
	rootObject = 83F9BAAA2A3CC074002198D0 /* Project object */;
}
